
Microsoft Visual Studio Solution File, Format Version 12.00
# Visual Studio Version 17
VisualStudioVersion = 17.0.31903.59
MinimumVisualStudioVersion = 10.0.40219.1
Project("{FAE04EC0-301F-11D3-BF4B-00C04F79EFBC}") = "MyTests", "MyTests\MyTests.csproj", "{C257E18C-123F-4429-AAAD-4E91AD20443D}"
EndProject
Project("{FAE04EC0-301F-11D3-BF4B-00C04F79EFBC}") = "MyApp", "MyApp\MyApp.csproj", "{E9F9716B-B847-45E7-ACF2-7C248E6BE7F8}"
EndProject
Global
	GlobalSection(SolutionConfigurationPlatforms) = preSolution
		Debug|Any CPU = Debug|Any CPU
		Debug|x64 = Debug|x64
		Debug|x86 = Debug|x86
		Release|Any CPU = Release|Any CPU
		Release|x64 = Release|x64
		Release|x86 = Release|x86
	EndGlobalSection
	GlobalSection(ProjectConfigurationPlatforms) = postSolution
		{C257E18C-123F-4429-AAAD-4E91AD20443D}.Debug|Any CPU.ActiveCfg = Debug|Any CPU
		{C257E18C-123F-4429-AAAD-4E91AD20443D}.Debug|Any CPU.Build.0 = Debug|Any CPU
		{C257E18C-123F-4429-AAAD-4E91AD20443D}.Debug|x64.ActiveCfg = Debug|Any CPU
		{C257E18C-123F-4429-AAAD-4E91AD20443D}.Debug|x64.Build.0 = Debug|Any CPU
		{C257E18C-123F-4429-AAAD-4E91AD20443D}.Debug|x86.ActiveCfg = Debug|Any CPU
		{C257E18C-123F-4429-AAAD-4E91AD20443D}.Debug|x86.Build.0 = Debug|Any CPU
		{C257E18C-123F-4429-AAAD-4E91AD20443D}.Release|Any CPU.ActiveCfg = Release|Any CPU
		{C257E18C-123F-4429-AAAD-4E91AD20443D}.Release|Any CPU.Build.0 = Release|Any CPU
		{C257E18C-123F-4429-AAAD-4E91AD20443D}.Release|x64.ActiveCfg = Release|Any CPU
		{C257E18C-123F-4429-AAAD-4E91AD20443D}.Release|x64.Build.0 = Release|Any CPU
		{C257E18C-123F-4429-AAAD-4E91AD20443D}.Release|x86.ActiveCfg = Release|Any CPU
		{C257E18C-123F-4429-AAAD-4E91AD20443D}.Release|x86.Build.0 = Release|Any CPU
		{E9F9716B-B847-45E7-ACF2-7C248E6BE7F8}.Debug|Any CPU.ActiveCfg = Debug|Any CPU
		{E9F9716B-B847-45E7-ACF2-7C248E6BE7F8}.Debug|Any CPU.Build.0 = Debug|Any CPU
		{E9F9716B-B847-45E7-ACF2-7C248E6BE7F8}.Debug|x64.ActiveCfg = Debug|Any CPU
		{E9F9716B-B847-45E7-ACF2-7C248E6BE7F8}.Debug|x64.Build.0 = Debug|Any CPU
		{E9F9716B-B847-45E7-ACF2-7C248E6BE7F8}.Debug|x86.ActiveCfg = Debug|Any CPU
		{E9F9716B-B847-45E7-ACF2-7C248E6BE7F8}.Debug|x86.Build.0 = Debug|Any CPU
		{E9F9716B-B847-45E7-ACF2-7C248E6BE7F8}.Release|Any CPU.ActiveCfg = Release|Any CPU
		{E9F9716B-B847-45E7-ACF2-7C248E6BE7F8}.Release|Any CPU.Build.0 = Release|Any CPU
		{E9F9716B-B847-45E7-ACF2-7C248E6BE7F8}.Release|x64.ActiveCfg = Release|Any CPU
		{E9F9716B-B847-45E7-ACF2-7C248E6BE7F8}.Release|x64.Build.0 = Release|Any CPU
		{E9F9716B-B847-45E7-ACF2-7C248E6BE7F8}.Release|x86.ActiveCfg = Release|Any CPU
		{E9F9716B-B847-45E7-ACF2-7C248E6BE7F8}.Release|x86.Build.0 = Release|Any CPU
	EndGlobalSection
	GlobalSection(SolutionProperties) = preSolution
		HideSolutionNode = FALSE
	EndGlobalSection
EndGlobal
